
Microsoft Visual Studio Solution File, Format Version 12.00
# Visual Studio Version 16
VisualStudioVersion = 16.0.29519.87
MinimumVisualStudioVersion = 10.0.40219.1
Project("{FAE04EC0-301F-11D3-BF4B-00C04F79EFBC}") = "DesignPatterns_Prototype", "DesignPatterns_Prototype\DesignPatterns_Prototype.csproj", "{F63813AE-B463-44D7-9A27-E710E590682F}"
EndProject
Global
	GlobalSection(SolutionConfigurationPlatforms) = preSolution
		Debug|Any CPU = Debug|Any CPU
		Release|Any CPU = Release|Any CPU
	EndGlobalSection
	GlobalSection(ProjectConfigurationPlatforms) = postSolution
		{F63813AE-B463-44D7-9A27-E710E590682F}.Debug|Any CPU.ActiveCfg = Debug|Any CPU
		{F63813AE-B463-44D7-9A27-E710E590682F}.Debug|Any CPU.Build.0 = Debug|Any CPU
		{F63813AE-B463-44D7-9A27-E710E590682F}.Release|Any CPU.ActiveCfg = Release|Any CPU
		{F63813AE-B463-44D7-9A27-E710E590682F}.Release|Any CPU.Build.0 = Release|Any CPU
	EndGlobalSection
	GlobalSection(SolutionProperties) = preSolution
		HideSolutionNode = FALSE
	EndGlobalSection
	GlobalSection(ExtensibilityGlobals) = postSolution
		SolutionGuid = {6AFC40C0-1F88-4CD8-A49F-AD412D44E8EB}
	EndGlobalSection
EndGlobal
